<?xml version="1.0" encoding="UTF-8"?>
<Project ToolsVersion="15.0" xmlns="http://schemas.microsoft.com/developer/msbuild/2003">
  <ItemGroup>
    <ClCompile Include="C:\Users\pchernichenko\Desktop\Medical\Medical\Source\Medical1.cxx">
      <Filter>Source Files</Filter>
    </ClCompile>
  </ItemGroup>
  <ItemGroup>
    <CustomBuild Include="C:\Users\pchernichenko\Desktop\Medical\Medical\Source\CMakeLists.txt" />
  </ItemGroup>
  <ItemGroup>
    <Filter Include="Source Files">
      <UniqueIdentifier>{8B7FA47D-F139-31AD-B8E9-155A92319600}</UniqueIdentifier>
    </Filter>
  </ItemGroup>
</Project>
