Microsoft Visual Studio Solution File, Format Version 12.00
# Visual Studio Version 16
VisualStudioVersion = 16.0.29326.143
MinimumVisualStudioVersion = 10.0.40219.1
Project("{8BC9CEB8-8B4A-11D0-8D11-00A0C91BC942}") = "Medical1", "Medical1.vcxproj", "{B8C77D9C-AE31-3999-A090-E8EC9ACC1E00}"
	ProjectSection(ProjectDependencies) = postProject
		{F1C0CE59-7FB4-36BA-BBE1-A0513E4EF439} = {F1C0CE59-7FB4-36BA-BBE1-A0513E4EF439}
	EndProjectSection
EndProject
Project("{8BC9CEB8-8B4A-11D0-8D11-00A0C91BC942}") = "ZERO_CHECK", "ZERO_CHECK.vcxproj", "{F1C0CE59-7FB4-36BA-BBE1-A0513E4EF439}"
EndProject
Global
	GlobalSection(SolutionConfigurationPlatforms) = preSolution
		Debug|x64 = Debug|x64
		MinSizeRel|x64 = MinSizeRel|x64
		Release|x64 = Release|x64
		RelWithDebInfo|x64 = RelWithDebInfo|x64
	EndGlobalSection
	GlobalSection(ProjectConfigurationPlatforms) = postSolution
		{B8C77D9C-AE31-3999-A090-E8EC9ACC1E00}.Debug|x64.ActiveCfg = Debug|x64
		{B8C77D9C-AE31-3999-A090-E8EC9ACC1E00}.Debug|x64.Build.0 = Debug|x64
		{B8C77D9C-AE31-3999-A090-E8EC9ACC1E00}.MinSizeRel|x64.ActiveCfg = MinSizeRel|x64
		{B8C77D9C-AE31-3999-A090-E8EC9ACC1E00}.MinSizeRel|x64.Build.0 = MinSizeRel|x64
		{B8C77D9C-AE31-3999-A090-E8EC9ACC1E00}.Release|x64.ActiveCfg = Release|x64
		{B8C77D9C-AE31-3999-A090-E8EC9ACC1E00}.Release|x64.Build.0 = Release|x64
		{B8C77D9C-AE31-3999-A090-E8EC9ACC1E00}.RelWithDebInfo|x64.ActiveCfg = RelWithDebInfo|x64
		{B8C77D9C-AE31-3999-A090-E8EC9ACC1E00}.RelWithDebInfo|x64.Build.0 = RelWithDebInfo|x64
		{F1C0CE59-7FB4-36BA-BBE1-A0513E4EF439}.Debug|x64.ActiveCfg = Debug|x64
		{F1C0CE59-7FB4-36BA-BBE1-A0513E4EF439}.Debug|x64.Build.0 = Debug|x64
		{F1C0CE59-7FB4-36BA-BBE1-A0513E4EF439}.MinSizeRel|x64.ActiveCfg = MinSizeRel|x64
		{F1C0CE59-7FB4-36BA-BBE1-A0513E4EF439}.MinSizeRel|x64.Build.0 = MinSizeRel|x64
		{F1C0CE59-7FB4-36BA-BBE1-A0513E4EF439}.Release|x64.ActiveCfg = Release|x64
		{F1C0CE59-7FB4-36BA-BBE1-A0513E4EF439}.Release|x64.Build.0 = Release|x64
		{F1C0CE59-7FB4-36BA-BBE1-A0513E4EF439}.RelWithDebInfo|x64.ActiveCfg = RelWithDebInfo|x64
		{F1C0CE59-7FB4-36BA-BBE1-A0513E4EF439}.RelWithDebInfo|x64.Build.0 = RelWithDebInfo|x64
	EndGlobalSection
	GlobalSection(SolutionProperties) = preSolution
		HideSolutionNode = FALSE
	EndGlobalSection
	GlobalSection(ExtensibilityGlobals) = postSolution
		SolutionGuid = {123A77C6-9350-3AA3-AF07-353916E79A6E}
	EndGlobalSection
EndGlobal
